// !$*UTF8*$!
{
	archiveVersion = 1;
	classes = {
	};
	objectVersion = 46;
	objects = {

/* Begin PBXBuildFile section */
		372701691B9448D400574985 /* AppDelegate.swift in Sources */ = {isa = PBXBuildFile; fileRef = 372701681B9448D400574985 /* AppDelegate.swift */; };
		3727016C1B9448D400574985 /* soulissappios.xcdatamodeld in Sources */ = {isa = PBXBuildFile; fileRef = 3727016A1B9448D400574985 /* soulissappios.xcdatamodeld */; };
		3727016E1B9448D400574985 /* ViewController.swift in Sources */ = {isa = PBXBuildFile; fileRef = 3727016D1B9448D400574985 /* ViewController.swift */; };
		372701711B9448D400574985 /* Main.storyboard in Resources */ = {isa = PBXBuildFile; fileRef = 3727016F1B9448D400574985 /* Main.storyboard */; };
		372701731B9448D400574985 /* Images.xcassets in Resources */ = {isa = PBXBuildFile; fileRef = 372701721B9448D400574985 /* Images.xcassets */; };
		372701761B9448D400574985 /* LaunchScreen.xib in Resources */ = {isa = PBXBuildFile; fileRef = 372701741B9448D400574985 /* LaunchScreen.xib */; };
		372701821B9448D400574985 /* soulissappiosTests.swift in Sources */ = {isa = PBXBuildFile; fileRef = 372701811B9448D400574985 /* soulissappiosTests.swift */; };
/* End PBXBuildFile section */

/* Begin PBXContainerItemProxy section */
		3727017C1B9448D400574985 /* PBXContainerItemProxy */ = {
			isa = PBXContainerItemProxy;
			containerPortal = 3727015B1B9448D400574985 /* Project object */;
			proxyType = 1;
			remoteGlobalIDString = 372701621B9448D400574985;
			remoteInfo = soulissappios;
		};
/* End PBXContainerItemProxy section */

/* Begin PBXFileReference section */
		372701631B9448D400574985 /* soulissappios.app */ = {isa = PBXFileReference; explicitFileType = wrapper.application; includeInIndex = 0; path = soulissappios.app; sourceTree = BUILT_PRODUCTS_DIR; };
		372701671B9448D400574985 /* Info.plist */ = {isa = PBXFileReference; lastKnownFileType = text.plist.xml; path = Info.plist; sourceTree = "<group>"; };
		372701681B9448D400574985 /* AppDelegate.swift */ = {isa = PBXFileReference; lastKnownFileType = sourcecode.swift; path = AppDelegate.swift; sourceTree = "<group>"; };
		3727016B1B9448D400574985 /* soulissappios.xcdatamodel */ = {isa = PBXFileReference; lastKnownFileType = wrapper.xcdatamodel; path = soulissappios.xcdatamodel; sourceTree = "<group>"; };
		3727016D1B9448D400574985 /* ViewController.swift */ = {isa = PBXFileReference; lastKnownFileType = sourcecode.swift; path = ViewController.swift; sourceTree = "<group>"; };
		372701701B9448D400574985 /* Base */ = {isa = PBXFileReference; lastKnownFileType = file.storyboard; name = Base; path = Base.lproj/Main.storyboard; sourceTree = "<group>"; };
		372701721B9448D400574985 /* Images.xcassets */ = {isa = PBXFileReference; lastKnownFileType = folder.assetcatalog; path = Images.xcassets; sourceTree = "<group>"; };
		372701751B9448D400574985 /* Base */ = {isa = PBXFileReference; lastKnownFileType = file.xib; name = Base; path = Base.lproj/LaunchScreen.xib; sourceTree = "<group>"; };
		3727017B1B9448D400574985 /* soulissappiosTests.xctest */ = {isa = PBXFileReference; explicitFileType = wrapper.cfbundle; includeInIndex = 0; path = soulissappiosTests.xctest; sourceTree = BUILT_PRODUCTS_DIR; };
		372701801B9448D400574985 /* Info.plist */ = {isa = PBXFileReference; lastKnownFileType = text.plist.xml; path = Info.plist; sourceTree = "<group>"; };
		372701811B9448D400574985 /* soulissappiosTests.swift */ = {isa = PBXFileReference; lastKnownFileType = sourcecode.swift; path = soulissappiosTests.swift; sourceTree = "<group>"; };
/* End PBXFileReference section */

/* Begin PBXFrameworksBuildPhase section */
		372701601B9448D400574985 /* Frameworks */ = {
			isa = PBXFrameworksBuildPhase;
			buildActionMask = 2147483647;
			files = (
			);
			runOnlyForDeploymentPostprocessing = 0;
		};
		372701781B9448D400574985 /* Frameworks */ = {
			isa = PBXFrameworksBuildPhase;
			buildActionMask = 2147483647;
			files = (
			);
			runOnlyForDeploymentPostprocessing = 0;
		};
/* End PBXFrameworksBuildPhase section */

/* Begin PBXGroup section */
		3727015A1B9448D400574985 = {
			isa = PBXGroup;
			children = (
				372701651B9448D400574985 /* soulissappios */,
				3727017E1B9448D400574985 /* soulissappiosTests */,
				372701641B9448D400574985 /* Products */,
			);
			sourceTree = "<group>";
		};
		372701641B9448D400574985 /* Products */ = {
			isa = PBXGroup;
			children = (
				372701631B9448D400574985 /* soulissappios.app */,
				3727017B1B9448D400574985 /* soulissappiosTests.xctest */,
			);
			name = Products;
			sourceTree = "<group>";
		};
		372701651B9448D400574985 /* soulissappios */ = {
			isa = PBXGroup;
			children = (
				372701681B9448D400574985 /* AppDelegate.swift */,
				3727016D1B9448D400574985 /* ViewController.swift */,
				3727016F1B9448D400574985 /* Main.storyboard */,
				372701721B9448D400574985 /* Images.xcassets */,
				372701741B9448D400574985 /* LaunchScreen.xib */,
				3727016A1B9448D400574985 /* soulissappios.xcdatamodeld */,
				372701661B9448D400574985 /* Supporting Files */,
			);
			path = soulissappios;
			sourceTree = "<group>";
		};
		372701661B9448D400574985 /* Supporting Files */ = {
			isa = PBXGroup;
			children = (
				372701671B9448D400574985 /* Info.plist */,
			);
			name = "Supporting Files";
			sourceTree = "<group>";
		};
		3727017E1B9448D400574985 /* soulissappiosTests */ = {
			isa = PBXGroup;
			children = (
				372701811B9448D400574985 /* soulissappiosTests.swift */,
				3727017F1B9448D400574985 /* Supporting Files */,
			);
			path = soulissappiosTests;
			sourceTree = "<group>";
		};
		3727017F1B9448D400574985 /* Supporting Files */ = {
			isa = PBXGroup;
			children = (
				372701801B9448D400574985 /* Info.plist */,
			);
			name = "Supporting Files";
			sourceTree = "<group>";
		};
/* End PBXGroup section */

/* Begin PBXNativeTarget section */
		372701621B9448D400574985 /* soulissappios */ = {
			isa = PBXNativeTarget;
			buildConfigurationList = 372701851B9448D400574985 /* Build configuration list for PBXNativeTarget "soulissappios" */;
			buildPhases = (
				3727015F1B9448D400574985 /* Sources */,
				372701601B9448D400574985 /* Frameworks */,
				372701611B9448D400574985 /* Resources */,
			);
			buildRules = (
			);
			dependencies = (
			);
			name = soulissappios;
			productName = soulissappios;
			productReference = 372701631B9448D400574985 /* soulissappios.app */;
			productType = "com.apple.product-type.application";
		};
		3727017A1B9448D400574985 /* soulissappiosTests */ = {
			isa = PBXNativeTarget;
			buildConfigurationList = 372701881B9448D400574985 /* Build configuration list for PBXNativeTarget "soulissappiosTests" */;
			buildPhases = (
				372701771B9448D400574985 /* Sources */,
				372701781B9448D400574985 /* Frameworks */,
				372701791B9448D400574985 /* Resources */,
			);
			buildRules = (
			);
			dependencies = (
				3727017D1B9448D400574985 /* PBXTargetDependency */,
			);
			name = soulissappiosTests;
			productName = soulissappiosTests;
			productReference = 3727017B1B9448D400574985 /* soulissappiosTests.xctest */;
			productType = "com.apple.product-type.bundle.unit-test";
		};
/* End PBXNativeTarget section */

/* Begin PBXProject section */
		3727015B1B9448D400574985 /* Project object */ = {
			isa = PBXProject;
			attributes = {
				LastUpgradeCheck = 0640;
				ORGANIZATIONNAME = Souliss;
				TargetAttributes = {
					372701621B9448D400574985 = {
						CreatedOnToolsVersion = 6.4;
					};
					3727017A1B9448D400574985 = {
						CreatedOnToolsVersion = 6.4;
						TestTargetID = 372701621B9448D400574985;
					};
				};
			};
			buildConfigurationList = 3727015E1B9448D400574985 /* Build configuration list for PBXProject "soulissappios" */;
			compatibilityVersion = "Xcode 3.2";
			developmentRegion = English;
			hasScannedForEncodings = 0;
			knownRegions = (
				en,
				Base,
			);
			mainGroup = 3727015A1B9448D400574985;
			productRefGroup = 372701641B9448D400574985 /* Products */;
			projectDirPath = "";
			projectRoot = "";
			targets = (
				372701621B9448D400574985 /* soulissappios */,
				3727017A1B9448D400574985 /* soulissappiosTests */,
			);
		};
/* End PBXProject section */

/* Begin PBXResourcesBuildPhase section */
		372701611B9448D400574985 /* Resources */ = {
			isa = PBXResourcesBuildPhase;
			buildActionMask = 2147483647;
			files = (
				372701711B9448D400574985 /* Main.storyboard in Resources */,
				372701761B9448D400574985 /* LaunchScreen.xib in Resources */,
				372701731B9448D400574985 /* Images.xcassets in Resources */,
			);
			runOnlyForDeploymentPostprocessing = 0;
		};
		372701791B9448D400574985 /* Resources */ = {
			isa = PBXResourcesBuildPhase;
			buildActionMask = 2147483647;
			files = (
			);
			runOnlyForDeploymentPostprocessing = 0;
		};
/* End PBXResourcesBuildPhase section */

/* Begin PBXSourcesBuildPhase section */
		3727015F1B9448D400574985 /* Sources */ = {
			isa = PBXSourcesBuildPhase;
			buildActionMask = 2147483647;
			files = (
				3727016E1B9448D400574985 /* ViewController.swift in Sources */,
				3727016C1B9448D400574985 /* soulissappios.xcdatamodeld in Sources */,
				372701691B9448D400574985 /* AppDelegate.swift in Sources */,
			);
			runOnlyForDeploymentPostprocessing = 0;
		};
		372701771B9448D400574985 /* Sources */ = {
			isa = PBXSourcesBuildPhase;
			buildActionMask = 2147483647;
			files = (
				372701821B9448D400574985 /* soulissappiosTests.swift in Sources */,
			);
			runOnlyForDeploymentPostprocessing = 0;
		};
/* End PBXSourcesBuildPhase section */

/* Begin PBXTargetDependency section */
		3727017D1B9448D400574985 /* PBXTargetDependency */ = {
			isa = PBXTargetDependency;
			target = 372701621B9448D400574985 /* soulissappios */;
			targetProxy = 3727017C1B9448D400574985 /* PBXContainerItemProxy */;
		};
/* End PBXTargetDependency section */

/* Begin PBXVariantGroup section */
		3727016F1B9448D400574985 /* Main.storyboard */ = {
			isa = PBXVariantGroup;
			children = (
				372701701B9448D400574985 /* Base */,
			);
			name = Main.storyboard;
			sourceTree = "<group>";
		};
		372701741B9448D400574985 /* LaunchScreen.xib */ = {
			isa = PBXVariantGroup;
			children = (
				372701751B9448D400574985 /* Base */,
			);
			name = LaunchScreen.xib;
			sourceTree = "<group>";
		};
/* End PBXVariantGroup section */

/* Begin XCBuildConfiguration section */
		372701831B9448D400574985 /* Debug */ = {
			isa = XCBuildConfiguration;
			buildSettings = {
				ALWAYS_SEARCH_USER_PATHS = NO;
				CLANG_CXX_LANGUAGE_STANDARD = "gnu++0x";
				CLANG_CXX_LIBRARY = "libc++";
				CLANG_ENABLE_MODULES = YES;
				CLANG_ENABLE_OBJC_ARC = YES;
				CLANG_WARN_BOOL_CONVERSION = YES;
				CLANG_WARN_CONSTANT_CONVERSION = YES;
				CLANG_WARN_DIRECT_OBJC_ISA_USAGE = YES_ERROR;
				CLANG_WARN_EMPTY_BODY = YES;
				CLANG_WARN_ENUM_CONVERSION = YES;
				CLANG_WARN_INT_CONVERSION = YES;
				CLANG_WARN_OBJC_ROOT_CLASS = YES_ERROR;
				CLANG_WARN_UNREACHABLE_CODE = YES;
				CLANG_WARN__DUPLICATE_METHOD_MATCH = YES;
				"CODE_SIGN_IDENTITY[sdk=iphoneos*]" = "iPhone Developer";
				COPY_PHASE_STRIP = NO;
				DEBUG_INFORMATION_FORMAT = "dwarf-with-dsym";
				ENABLE_STRICT_OBJC_MSGSEND = YES;
				GCC_C_LANGUAGE_STANDARD = gnu99;
				GCC_DYNAMIC_NO_PIC = NO;
				GCC_NO_COMMON_BLOCKS = YES;
				GCC_OPTIMIZATION_LEVEL = 0;
				GCC_PREPROCESSOR_DEFINITIONS = (
					"DEBUG=1",
					"$(inherited)",
				);
				GCC_SYMBOLS_PRIVATE_EXTERN = NO;
				GCC_WARN_64_TO_32_BIT_CONVERSION = YES;
				GCC_WARN_ABOUT_RETURN_TYPE = YES_ERROR;
				GCC_WARN_UNDECLARED_SELECTOR = YES;
				GCC_WARN_UNINITIALIZED_AUTOS = YES_AGGRESSIVE;
				GCC_WARN_UNUSED_FUNCTION = YES;
				GCC_WARN_UNUSED_VARIABLE = YES;
				IPHONEOS_DEPLOYMENT_TARGET = 8.4;
				MTL_ENABLE_DEBUG_INFO = YES;
				ONLY_ACTIVE_ARCH = YES;
				SDKROOT = iphoneos;
				SWIFT_OPTIMIZATION_LEVEL = "-Onone";
				TARGETED_DEVICE_FAMILY = "1,2";
			};
			name = Debug;
		};
		372701841B9448D400574985 /* Release */ = {
			isa = XCBuildConfiguration;
			buildSettings = {
				ALWAYS_SEARCH_USER_PATHS = NO;
				CLANG_CXX_LANGUAGE_STANDARD = "gnu++0x";
				CLANG_CXX_LIBRARY = "libc++";
				CLANG_ENABLE_MODULES = YES;
				CLANG_ENABLE_OBJC_ARC = YES;
				CLANG_WARN_BOOL_CONVERSION = YES;
				CLANG_WARN_CONSTANT_CONVERSION = YES;
				CLANG_WARN_DIRECT_OBJC_ISA_USAGE = YES_ERROR;
				CLANG_WARN_EMPTY_BODY = YES;
				CLANG_WARN_ENUM_CONVERSION = YES;
				CLANG_WARN_INT_CONVERSION = YES;
				CLANG_WARN_OBJC_ROOT_CLASS = YES_ERROR;
				CLANG_WARN_UNREACHABLE_CODE = YES;
				CLANG_WARN__DUPLICATE_METHOD_MATCH = YES;
				"CODE_SIGN_IDENTITY[sdk=iphoneos*]" = "iPhone Developer";
				COPY_PHASE_STRIP = NO;
				DEBUG_INFORMATION_FORMAT = "dwarf-with-dsym";
				ENABLE_NS_ASSERTIONS = NO;
				ENABLE_STRICT_OBJC_MSGSEND = YES;
				GCC_C_LANGUAGE_STANDARD = gnu99;
				GCC_NO_COMMON_BLOCKS = YES;
				GCC_WARN_64_TO_32_BIT_CONVERSION = YES;
				GCC_WARN_ABOUT_RETURN_TYPE = YES_ERROR;
				GCC_WARN_UNDECLARED_SELECTOR = YES;
				GCC_WARN_UNINITIALIZED_AUTOS = YES_AGGRESSIVE;
				GCC_WARN_UNUSED_FUNCTION = YES;
				GCC_WARN_UNUSED_VARIABLE = YES;
				IPHONEOS_DEPLOYMENT_TARGET = 8.4;
				MTL_ENABLE_DEBUG_INFO = NO;
				SDKROOT = iphoneos;
				TARGETED_DEVICE_FAMILY = "1,2";
				VALIDATE_PRODUCT = YES;
			};
			name = Release;
		};
		372701861B9448D400574985 /* Debug */ = {
			isa = XCBuildConfiguration;
			buildSettings = {
				ASSETCATALOG_COMPILER_APPICON_NAME = AppIcon;
				INFOPLIST_FILE = soulissappios/Info.plist;
				LD_RUNPATH_SEARCH_PATHS = "$(inherited) @executable_path/Frameworks";
				PRODUCT_NAME = "$(TARGET_NAME)";
			};
			name = Debug;
		};
		372701871B9448D400574985 /* Release */ = {
			isa = XCBuildConfiguration;
			buildSettings = {
				ASSETCATALOG_COMPILER_APPICON_NAME = AppIcon;
				INFOPLIST_FILE = soulissappios/Info.plist;
				LD_RUNPATH_SEARCH_PATHS = "$(inherited) @executable_path/Frameworks";
				PRODUCT_NAME = "$(TARGET_NAME)";
			};
			name = Release;
		};
		372701891B9448D400574985 /* Debug */ = {
			isa = XCBuildConfiguration;
			buildSettings = {
				BUNDLE_LOADER = "$(TEST_HOST)";
				FRAMEWORK_SEARCH_PATHS = (
					"$(SDKROOT)/Developer/Library/Frameworks",
					"$(inherited)",
				);
				GCC_PREPROCESSOR_DEFINITIONS = (
					"DEBUG=1",
					"$(inherited)",
				);
				INFOPLIST_FILE = soulissappiosTests/Info.plist;
				LD_RUNPATH_SEARCH_PATHS = "$(inherited) @executable_path/Frameworks @loader_path/Frameworks";
				PRODUCT_NAME = "$(TARGET_NAME)";
				TEST_HOST = "$(BUILT_PRODUCTS_DIR)/soulissappios.app/soulissappios";
			};
			name = Debug;
		};
		3727018A1B9448D400574985 /* Release */ = {
			isa = XCBuildConfiguration;
			buildSettings = {
				BUNDLE_LOADER = "$(TEST_HOST)";
				FRAMEWORK_SEARCH_PATHS = (
					"$(SDKROOT)/Developer/Library/Frameworks",
					"$(inherited)",
				);
				INFOPLIST_FILE = soulissappiosTests/Info.plist;
				LD_RUNPATH_SEARCH_PATHS = "$(inherited) @executable_path/Frameworks @loader_path/Frameworks";
				PRODUCT_NAME = "$(TARGET_NAME)";
				TEST_HOST = "$(BUILT_PRODUCTS_DIR)/soulissappios.app/soulissappios";
			};
			name = Release;
		};
/* End XCBuildConfiguration section */

/* Begin XCConfigurationList section */
		3727015E1B9448D400574985 /* Build configuration list for PBXProject "soulissappios" */ = {
			isa = XCConfigurationList;
			buildConfigurations = (
				372701831B9448D400574985 /* Debug */,
				372701841B9448D400574985 /* Release */,
			);
			defaultConfigurationIsVisible = 0;
			defaultConfigurationName = Release;
		};
		372701851B9448D400574985 /* Build configuration list for PBXNativeTarget "soulissappios" */ = {
			isa = XCConfigurationList;
			buildConfigurations = (
				372701861B9448D400574985 /* Debug */,
				372701871B9448D400574985 /* Release */,
			);
			defaultConfigurationIsVisible = 0;
		};
		372701881B9448D400574985 /* Build configuration list for PBXNativeTarget "soulissappiosTests" */ = {
			isa = XCConfigurationList;
			buildConfigurations = (
				372701891B9448D400574985 /* Debug */,
				3727018A1B9448D400574985 /* Release */,
			);
			defaultConfigurationIsVisible = 0;
		};
/* End XCConfigurationList section */

/* Begin XCVersionGroup section */
		3727016A1B9448D400574985 /* soulissappios.xcdatamodeld */ = {
			isa = XCVersionGroup;
			children = (
				3727016B1B9448D400574985 /* soulissappios.xcdatamodel */,
			);
			currentVersion = 3727016B1B9448D400574985 /* soulissappios.xcdatamodel */;
			path = soulissappios.xcdatamodeld;
			sourceTree = "<group>";
			versionGroupType = wrapper.xcdatamodel;
		};
/* End XCVersionGroup section */
	};
	rootObject = 3727015B1B9448D400574985 /* Project object */;
}
